github.com/foo-dogsquared/hugo-mod-simple-icons v0.0.0-20201106121650-08c012c284f2/go.mod h1:yIWROkb+Zcex0JBLlZOnejI83GWOmz/aYtKSNXexLSk=
github.com/foo-dogsquared/hugo-theme-contentful v1.2.1-0.20201106111203-fd6a6c7a3839/go.mod h1:BL7L5CENEhUx+miRRaOZ9SVC92j9MAMztirBWtTpiPc=
github.com/foo-dogsquared/hugo-theme-more-contentful v0.1.3 h1:Wfxh9bbb5ks88v8BHrB17z0oeGi3lu0EK1LV7M+k840=
github.com/foo-dogsquared/hugo-theme-more-contentful v0.1.3/go.mod h1:q2QVvX0SJhtybk/2LDTejRg4RWXnDY6hcE7qYARnBNI=
github.com/foo-dogsquared/hugo-web-feeds v0.0.2 h1:688h38JdIvxKSTdvAFfskEM2n9VJNNNacHwlFc4lvkg=
github.com/foo-dogsquared/hugo-web-feeds v0.0.2/go.mod h1:0WxK3+xNIj/Wpk2kkUW0p6Uqmr/OZjPsRtQDCMazNmI=
github.com/refactoringui/heroicons v0.4.2/go.mod h1:82HsLWQga7MkEl5aK8TctxPPIBlXrsyWcVTB57uipuk=
github.com/simple-icons/simple-icons v0.0.0-20201103182019-19568e5c3824/go.mod h1:oOgUUt8yVYOso/wEBi2ojfZP2MU/xxiNccIpaE+jCvE=
